
Microsoft Visual Studio Solution File, Format Version 12.00
# Visual Studio Version 17
VisualStudioVersion = 17.5.002.0
MinimumVisualStudioVersion = 10.0.40219.1
Project("{9A19103F-16F7-4668-BE54-9A1E7A4F7556}") = "Atv1.cs", "Atv1.cs.csproj", "{8C386B4F-49EE-4F46-909E-36573ED689E0}"
EndProject
Global
	GlobalSection(SolutionConfigurationPlatforms) = preSolution
		Debug|Any CPU = Debug|Any CPU
		Release|Any CPU = Release|Any CPU
	EndGlobalSection
	GlobalSection(ProjectConfigurationPlatforms) = postSolution
		{8C386B4F-49EE-4F46-909E-36573ED689E0}.Debug|Any CPU.ActiveCfg = Debug|Any CPU
		{8C386B4F-49EE-4F46-909E-36573ED689E0}.Debug|Any CPU.Build.0 = Debug|Any CPU
		{8C386B4F-49EE-4F46-909E-36573ED689E0}.Release|Any CPU.ActiveCfg = Release|Any CPU
		{8C386B4F-49EE-4F46-909E-36573ED689E0}.Release|Any CPU.Build.0 = Release|Any CPU
	EndGlobalSection
	GlobalSection(SolutionProperties) = preSolution
		HideSolutionNode = FALSE
	EndGlobalSection
	GlobalSection(ExtensibilityGlobals) = postSolution
		SolutionGuid = {623C351A-E6E4-46D0-BA3B-5A4F992F368F}
	EndGlobalSection
EndGlobal
